Microsoft Visual Studio Solution File, Format Version 12.00
# Visual Studio Version 17
VisualStudioVersion = 17.5.2.0
MinimumVisualStudioVersion = 10.0.40219.1
Project("{FAE04EC0-301F-11D3-BF4B-00C04F79EFBC}") = "aula02", "aula02\aula02.csproj", "{2B021C01-DFF2-2FEE-FA0A-4282742516CF}"
EndProject
Project("{FAE04EC0-301F-11D3-BF4B-00C04F79EFBC}") = "aula03", "aula03\aula03.csproj", "{E04F5496-3197-F998-01B9-636A2C3F9708}"
EndProject
Project("{FAE04EC0-301F-11D3-BF4B-00C04F79EFBC}") = "aula04", "aula04\aula04.csproj", "{A1011B8E-2287-97C8-E65B-25975AB13094}"
EndProject
Project("{FAE04EC0-301F-11D3-BF4B-00C04F79EFBC}") = "aula05", "aula05\aula05.csproj", "{7AA4DFD3-2130-0DD2-C8A3-51997AA80B48}"
EndProject
Project("{FAE04EC0-301F-11D3-BF4B-00C04F79EFBC}") = "aula06", "aula06\aula06.csproj", "{C3AF24F2-C349-CD91-7629-44534D0244D2}"
EndProject
Project("{FAE04EC0-301F-11D3-BF4B-00C04F79EFBC}") = "aula07", "aula07\aula07.csproj", "{F3271EE2-EFE6-93D0-A793-7FFC78665393}"
EndProject
Project("{FAE04EC0-301F-11D3-BF4B-00C04F79EFBC}") = "aula08", "aula08\aula08.csproj", "{4ADA2AC7-7C5C-356C-AE5D-C36C5C4E4C44}"
EndProject
Project("{FAE04EC0-301F-11D3-BF4B-00C04F79EFBC}") = "aula09", "aula09\aula09.csproj", "{685F3347-7811-1BBB-B972-FE1BC98198FE}"
EndProject
Project("{FAE04EC0-301F-11D3-BF4B-00C04F79EFBC}") = "aula10", "aula10\aula10.csproj", "{18DB9007-E775-ADB3-3055-D4A3F1B8AE62}"
EndProject
Project("{FAE04EC0-301F-11D3-BF4B-00C04F79EFBC}") = "aula11", "aula11\aula11.csproj", "{D220FBB4-8B4E-95F5-D16D-B93A4221BFA6}"
EndProject
Project("{FAE04EC0-301F-11D3-BF4B-00C04F79EFBC}") = "aula12", "aula12\aula12.csproj", "{E7E0C130-88DD-33F8-D00D-8C0EAB654902}"
EndProject
Project("{FAE04EC0-301F-11D3-BF4B-00C04F79EFBC}") = "aula13", "aula13\aula13.csproj", "{3FF79F00-AFD4-E550-FD22-A78735B8F5A6}"
EndProject
Project("{FAE04EC0-301F-11D3-BF4B-00C04F79EFBC}") = "aula14", "aula14\aula14.csproj", "{33D4E8E1-92C0-E9E5-24FB-D57CFDC8FAD0}"
EndProject
Project("{FAE04EC0-301F-11D3-BF4B-00C04F79EFBC}") = "aula15", "aula15\aula15.csproj", "{2445AD12-BEFC-7FCA-55D4-83EF091C7F5E}"
EndProject
Project("{FAE04EC0-301F-11D3-BF4B-00C04F79EFBC}") = "aula16", "aula16\aula16.csproj", "{B23A663F-9C51-9E78-5CC7-B6BEF2880EE0}"
EndProject
Project("{FAE04EC0-301F-11D3-BF4B-00C04F79EFBC}") = "aula17", "aula17\aula17.csproj", "{2AA426E9-695B-5E28-4097-3B3BBCC8A50D}"
EndProject
Project("{FAE04EC0-301F-11D3-BF4B-00C04F79EFBC}") = "aula18", "aula18\aula18.csproj", "{1CA2F45C-F6B6-0849-7E44-EB48DBE5A37D}"
EndProject
Project("{FAE04EC0-301F-11D3-BF4B-00C04F79EFBC}") = "aula19", "aula19\aula19.csproj", "{69A33045-204D-C9AB-C94D-A49DCBA82B5E}"
EndProject
Project("{FAE04EC0-301F-11D3-BF4B-00C04F79EFBC}") = "aula20", "aula20\aula20.csproj", "{801EF6DD-33D1-1096-8830-BA6BAF4FEFFA}"
EndProject
Project("{FAE04EC0-301F-11D3-BF4B-00C04F79EFBC}") = "aula21", "aula21\aula21.csproj", "{F2545C55-0557-4F52-863D-6227DB32A3D6}"
EndProject
Project("{FAE04EC0-301F-11D3-BF4B-00C04F79EFBC}") = "aula22", "aula22\aula22.csproj", "{42900FA0-E768-9812-060E-A5380CAED142}"
EndProject
Project("{FAE04EC0-301F-11D3-BF4B-00C04F79EFBC}") = "aula23", "aula23\aula23.csproj", "{8FAAE676-16C7-3D9B-9FAD-ADDCDA87A183}"
EndProject
Global
	GlobalSection(SolutionConfigurationPlatforms) = preSolution
		Debug|Any CPU = Debug|Any CPU
		Release|Any CPU = Release|Any CPU
	EndGlobalSection
	GlobalSection(ProjectConfigurationPlatforms) = postSolution
		{2B021C01-DFF2-2FEE-FA0A-4282742516CF}.Debug|Any CPU.ActiveCfg = Debug|Any CPU
		{2B021C01-DFF2-2FEE-FA0A-4282742516CF}.Debug|Any CPU.Build.0 = Debug|Any CPU
		{2B021C01-DFF2-2FEE-FA0A-4282742516CF}.Release|Any CPU.ActiveCfg = Release|Any CPU
		{2B021C01-DFF2-2FEE-FA0A-4282742516CF}.Release|Any CPU.Build.0 = Release|Any CPU
		{E04F5496-3197-F998-01B9-636A2C3F9708}.Debug|Any CPU.ActiveCfg = Debug|Any CPU
		{E04F5496-3197-F998-01B9-636A2C3F9708}.Debug|Any CPU.Build.0 = Debug|Any CPU
		{E04F5496-3197-F998-01B9-636A2C3F9708}.Release|Any CPU.ActiveCfg = Release|Any CPU
		{E04F5496-3197-F998-01B9-636A2C3F9708}.Release|Any CPU.Build.0 = Release|Any CPU
		{A1011B8E-2287-97C8-E65B-25975AB13094}.Debug|Any CPU.ActiveCfg = Debug|Any CPU
		{A1011B8E-2287-97C8-E65B-25975AB13094}.Debug|Any CPU.Build.0 = Debug|Any CPU
		{A1011B8E-2287-97C8-E65B-25975AB13094}.Release|Any CPU.ActiveCfg = Release|Any CPU
		{A1011B8E-2287-97C8-E65B-25975AB13094}.Release|Any CPU.Build.0 = Release|Any CPU
		{7AA4DFD3-2130-0DD2-C8A3-51997AA80B48}.Debug|Any CPU.ActiveCfg = Debug|Any CPU
		{7AA4DFD3-2130-0DD2-C8A3-51997AA80B48}.Debug|Any CPU.Build.0 = Debug|Any CPU
		{7AA4DFD3-2130-0DD2-C8A3-51997AA80B48}.Release|Any CPU.ActiveCfg = Release|Any CPU
		{7AA4DFD3-2130-0DD2-C8A3-51997AA80B48}.Release|Any CPU.Build.0 = Release|Any CPU
		{C3AF24F2-C349-CD91-7629-44534D0244D2}.Debug|Any CPU.ActiveCfg = Debug|Any CPU
		{C3AF24F2-C349-CD91-7629-44534D0244D2}.Debug|Any CPU.Build.0 = Debug|Any CPU
		{C3AF24F2-C349-CD91-7629-44534D0244D2}.Release|Any CPU.ActiveCfg = Release|Any CPU
		{C3AF24F2-C349-CD91-7629-44534D0244D2}.Release|Any CPU.Build.0 = Release|Any CPU
		{F3271EE2-EFE6-93D0-A793-7FFC78665393}.Debug|Any CPU.ActiveCfg = Debug|Any CPU
		{F3271EE2-EFE6-93D0-A793-7FFC78665393}.Debug|Any CPU.Build.0 = Debug|Any CPU
		{F3271EE2-EFE6-93D0-A793-7FFC78665393}.Release|Any CPU.ActiveCfg = Release|Any CPU
		{F3271EE2-EFE6-93D0-A793-7FFC78665393}.Release|Any CPU.Build.0 = Release|Any CPU
		{4ADA2AC7-7C5C-356C-AE5D-C36C5C4E4C44}.Debug|Any CPU.ActiveCfg = Debug|Any CPU
		{4ADA2AC7-7C5C-356C-AE5D-C36C5C4E4C44}.Debug|Any CPU.Build.0 = Debug|Any CPU
		{4ADA2AC7-7C5C-356C-AE5D-C36C5C4E4C44}.Release|Any CPU.ActiveCfg = Release|Any CPU
		{4ADA2AC7-7C5C-356C-AE5D-C36C5C4E4C44}.Release|Any CPU.Build.0 = Release|Any CPU
		{685F3347-7811-1BBB-B972-FE1BC98198FE}.Debug|Any CPU.ActiveCfg = Debug|Any CPU
		{685F3347-7811-1BBB-B972-FE1BC98198FE}.Debug|Any CPU.Build.0 = Debug|Any CPU
		{685F3347-7811-1BBB-B972-FE1BC98198FE}.Release|Any CPU.ActiveCfg = Release|Any CPU
		{685F3347-7811-1BBB-B972-FE1BC98198FE}.Release|Any CPU.Build.0 = Release|Any CPU
		{18DB9007-E775-ADB3-3055-D4A3F1B8AE62}.Debug|Any CPU.ActiveCfg = Debug|Any CPU
		{18DB9007-E775-ADB3-3055-D4A3F1B8AE62}.Debug|Any CPU.Build.0 = Debug|Any CPU
		{18DB9007-E775-ADB3-3055-D4A3F1B8AE62}.Release|Any CPU.ActiveCfg = Release|Any CPU
		{18DB9007-E775-ADB3-3055-D4A3F1B8AE62}.Release|Any CPU.Build.0 = Release|Any CPU
		{D220FBB4-8B4E-95F5-D16D-B93A4221BFA6}.Debug|Any CPU.ActiveCfg = Debug|Any CPU
		{D220FBB4-8B4E-95F5-D16D-B93A4221BFA6}.Debug|Any CPU.Build.0 = Debug|Any CPU
		{D220FBB4-8B4E-95F5-D16D-B93A4221BFA6}.Release|Any CPU.ActiveCfg = Release|Any CPU
		{D220FBB4-8B4E-95F5-D16D-B93A4221BFA6}.Release|Any CPU.Build.0 = Release|Any CPU
		{E7E0C130-88DD-33F8-D00D-8C0EAB654902}.Debug|Any CPU.ActiveCfg = Debug|Any CPU
		{E7E0C130-88DD-33F8-D00D-8C0EAB654902}.Debug|Any CPU.Build.0 = Debug|Any CPU
		{E7E0C130-88DD-33F8-D00D-8C0EAB654902}.Release|Any CPU.ActiveCfg = Release|Any CPU
		{E7E0C130-88DD-33F8-D00D-8C0EAB654902}.Release|Any CPU.Build.0 = Release|Any CPU
		{3FF79F00-AFD4-E550-FD22-A78735B8F5A6}.Debug|Any CPU.ActiveCfg = Debug|Any CPU
		{3FF79F00-AFD4-E550-FD22-A78735B8F5A6}.Debug|Any CPU.Build.0 = Debug|Any CPU
		{3FF79F00-AFD4-E550-FD22-A78735B8F5A6}.Release|Any CPU.ActiveCfg = Release|Any CPU
		{3FF79F00-AFD4-E550-FD22-A78735B8F5A6}.Release|Any CPU.Build.0 = Release|Any CPU
		{33D4E8E1-92C0-E9E5-24FB-D57CFDC8FAD0}.Debug|Any CPU.ActiveCfg = Debug|Any CPU
		{33D4E8E1-92C0-E9E5-24FB-D57CFDC8FAD0}.Debug|Any CPU.Build.0 = Debug|Any CPU
		{33D4E8E1-92C0-E9E5-24FB-D57CFDC8FAD0}.Release|Any CPU.ActiveCfg = Release|Any CPU
		{33D4E8E1-92C0-E9E5-24FB-D57CFDC8FAD0}.Release|Any CPU.Build.0 = Release|Any CPU
		{2445AD12-BEFC-7FCA-55D4-83EF091C7F5E}.Debug|Any CPU.ActiveCfg = Debug|Any CPU
		{2445AD12-BEFC-7FCA-55D4-83EF091C7F5E}.Debug|Any CPU.Build.0 = Debug|Any CPU
		{2445AD12-BEFC-7FCA-55D4-83EF091C7F5E}.Release|Any CPU.ActiveCfg = Release|Any CPU
		{2445AD12-BEFC-7FCA-55D4-83EF091C7F5E}.Release|Any CPU.Build.0 = Release|Any CPU
		{B23A663F-9C51-9E78-5CC7-B6BEF2880EE0}.Debug|Any CPU.ActiveCfg = Debug|Any CPU
		{B23A663F-9C51-9E78-5CC7-B6BEF2880EE0}.Debug|Any CPU.Build.0 = Debug|Any CPU
		{B23A663F-9C51-9E78-5CC7-B6BEF2880EE0}.Release|Any CPU.ActiveCfg = Release|Any CPU
		{B23A663F-9C51-9E78-5CC7-B6BEF2880EE0}.Release|Any CPU.Build.0 = Release|Any CPU
		{2AA426E9-695B-5E28-4097-3B3BBCC8A50D}.Debug|Any CPU.ActiveCfg = Debug|Any CPU
		{2AA426E9-695B-5E28-4097-3B3BBCC8A50D}.Debug|Any CPU.Build.0 = Debug|Any CPU
		{2AA426E9-695B-5E28-4097-3B3BBCC8A50D}.Release|Any CPU.ActiveCfg = Release|Any CPU
		{2AA426E9-695B-5E28-4097-3B3BBCC8A50D}.Release|Any CPU.Build.0 = Release|Any CPU
		{1CA2F45C-F6B6-0849-7E44-EB48DBE5A37D}.Debug|Any CPU.ActiveCfg = Debug|Any CPU
		{1CA2F45C-F6B6-0849-7E44-EB48DBE5A37D}.Debug|Any CPU.Build.0 = Debug|Any CPU
		{1CA2F45C-F6B6-0849-7E44-EB48DBE5A37D}.Release|Any CPU.ActiveCfg = Release|Any CPU
		{1CA2F45C-F6B6-0849-7E44-EB48DBE5A37D}.Release|Any CPU.Build.0 = Release|Any CPU
		{69A33045-204D-C9AB-C94D-A49DCBA82B5E}.Debug|Any CPU.ActiveCfg = Debug|Any CPU
		{69A33045-204D-C9AB-C94D-A49DCBA82B5E}.Debug|Any CPU.Build.0 = Debug|Any CPU
		{69A33045-204D-C9AB-C94D-A49DCBA82B5E}.Release|Any CPU.ActiveCfg = Release|Any CPU
		{69A33045-204D-C9AB-C94D-A49DCBA82B5E}.Release|Any CPU.Build.0 = Release|Any CPU
		{801EF6DD-33D1-1096-8830-BA6BAF4FEFFA}.Debug|Any CPU.ActiveCfg = Debug|Any CPU
		{801EF6DD-33D1-1096-8830-BA6BAF4FEFFA}.Debug|Any CPU.Build.0 = Debug|Any CPU
		{801EF6DD-33D1-1096-8830-BA6BAF4FEFFA}.Release|Any CPU.ActiveCfg = Release|Any CPU
		{801EF6DD-33D1-1096-8830-BA6BAF4FEFFA}.Release|Any CPU.Build.0 = Release|Any CPU
		{F2545C55-0557-4F52-863D-6227DB32A3D6}.Debug|Any CPU.ActiveCfg = Debug|Any CPU
		{F2545C55-0557-4F52-863D-6227DB32A3D6}.Debug|Any CPU.Build.0 = Debug|Any CPU
		{F2545C55-0557-4F52-863D-6227DB32A3D6}.Release|Any CPU.ActiveCfg = Release|Any CPU
		{F2545C55-0557-4F52-863D-6227DB32A3D6}.Release|Any CPU.Build.0 = Release|Any CPU
		{42900FA0-E768-9812-060E-A5380CAED142}.Debug|Any CPU.ActiveCfg = Debug|Any CPU
		{42900FA0-E768-9812-060E-A5380CAED142}.Debug|Any CPU.Build.0 = Debug|Any CPU
		{42900FA0-E768-9812-060E-A5380CAED142}.Release|Any CPU.ActiveCfg = Release|Any CPU
		{42900FA0-E768-9812-060E-A5380CAED142}.Release|Any CPU.Build.0 = Release|Any CPU
		{8FAAE676-16C7-3D9B-9FAD-ADDCDA87A183}.Debug|Any CPU.ActiveCfg = Debug|Any CPU
		{8FAAE676-16C7-3D9B-9FAD-ADDCDA87A183}.Debug|Any CPU.Build.0 = Debug|Any CPU
		{8FAAE676-16C7-3D9B-9FAD-ADDCDA87A183}.Release|Any CPU.ActiveCfg = Release|Any CPU
		{8FAAE676-16C7-3D9B-9FAD-ADDCDA87A183}.Release|Any CPU.Build.0 = Release|Any CPU
	EndGlobalSection
	GlobalSection(SolutionProperties) = preSolution
		HideSolutionNode = FALSE
	EndGlobalSection
	GlobalSection(ExtensibilityGlobals) = postSolution
		SolutionGuid = {A553A69A-9D38-480B-A1D4-E1C2D8B80588}
	EndGlobalSection
EndGlobal
